// !$*UTF8*$!
{
	archiveVersion = 1;
	classes = {
	};
	objectVersion = 46;
	objects = {

/* Begin PBXBuildFile section */
		E7060A231CA741020069D4ED /* MKModifiedFilesStatusTableDataSource.m in Sources */ = {isa = PBXBuildFile; fileRef = E7060A221CA741020069D4ED /* MKModifiedFilesStatusTableDataSource.m */; };
		E7060A271CA74F140069D4ED /* MKModifiedFilesStatusActionCellView.m in Sources */ = {isa = PBXBuildFile; fileRef = E7060A261CA74F140069D4ED /* MKModifiedFilesStatusActionCellView.m */; };
		E724CD9B1C9C92C9000F767D /* MKWindowPresenter.m in Sources */ = {isa = PBXBuildFile; fileRef = E724CD9A1C9C92C9000F767D /* MKWindowPresenter.m */; };
		E73DACE91C8413FD007F2046 /* MKXCodeNavigator.m in Sources */ = {isa = PBXBuildFile; fileRef = E73DACE81C8413FD007F2046 /* MKXCodeNavigator.m */; };
		E7577A391C73F6A600B2A407 /* OCMock.framework in Frameworks */ = {isa = PBXBuildFile; fileRef = E7577A381C73F6A600B2A407 /* OCMock.framework */; };
		E78432F81C76967300304047 /* MKMercurialCommand.m in Sources */ = {isa = PBXBuildFile; fileRef = E78432F71C76967300304047 /* MKMercurialCommand.m */; };
		E78432F91C76967400304047 /* MKMercurialCommand.m in Sources */ = {isa = PBXBuildFile; fileRef = E78432F71C76967300304047 /* MKMercurialCommand.m */; };
		E78433081C77F47E00304047 /* MKDiffSnippet.m in Sources */ = {isa = PBXBuildFile; fileRef = E78433071C77F47D00304047 /* MKDiffSnippet.m */; };
		E78433091C77F47F00304047 /* MKDiffSnippet.m in Sources */ = {isa = PBXBuildFile; fileRef = E78433071C77F47D00304047 /* MKDiffSnippet.m */; };
		E78433211C7AD7DA00304047 /* MKMercurialMenuItemsController.m in Sources */ = {isa = PBXBuildFile; fileRef = E78433201C7AD7DA00304047 /* MKMercurialMenuItemsController.m */; };
		E78433221C7AD7DB00304047 /* MKMercurialMenuItemsController.m in Sources */ = {isa = PBXBuildFile; fileRef = E78433201C7AD7DA00304047 /* MKMercurialMenuItemsController.m */; };
		E7A239C41C73954F00BDB947 /* MKModifiedFilesServiceTests.m in Sources */ = {isa = PBXBuildFile; fileRef = E7A239C31C73954F00BDB947 /* MKModifiedFilesServiceTests.m */; };
		E7A239C51C7395DB00BDB947 /* MKFilesStatusService.m in Sources */ = {isa = PBXBuildFile; fileRef = E7A4A83C1C6DA31A00E41806 /* MKFilesStatusService.m */; };
		E7A239C61C7395E800BDB947 /* MKContext.m in Sources */ = {isa = PBXBuildFile; fileRef = E7A4A8401C6DA5B100E41806 /* MKContext.m */; };
		E7A239C71C7395F900BDB947 /* MKShellCommand.m in Sources */ = {isa = PBXBuildFile; fileRef = E7A4A81F1C6C100100E41806 /* MKShellCommand.m */; };
		E7A4A80B1C6BF39100E41806 /* AppKit.framework in Frameworks */ = {isa = PBXBuildFile; fileRef = E7A4A80A1C6BF39100E41806 /* AppKit.framework */; };
		E7A4A80D1C6BF39100E41806 /* Foundation.framework in Frameworks */ = {isa = PBXBuildFile; fileRef = E7A4A80C1C6BF39100E41806 /* Foundation.framework */; };
		E7A4A8111C6BF39100E41806 /* MercurialPlugin.xcscheme in Resources */ = {isa = PBXBuildFile; fileRef = E7A4A8101C6BF39100E41806 /* MercurialPlugin.xcscheme */; };
		E7A4A8141C6BF39100E41806 /* MercurialPlugin.m in Sources */ = {isa = PBXBuildFile; fileRef = E7A4A8131C6BF39100E41806 /* MercurialPlugin.m */; };
		E7A4A8171C6BF39100E41806 /* NSObject_Extension.m in Sources */ = {isa = PBXBuildFile; fileRef = E7A4A8161C6BF39100E41806 /* NSObject_Extension.m */; };
		E7A4A8201C6C100100E41806 /* MKShellCommand.m in Sources */ = {isa = PBXBuildFile; fileRef = E7A4A81F1C6C100100E41806 /* MKShellCommand.m */; };
		E7A4A8261C6C600600E41806 /* MKMercurialFile.m in Sources */ = {isa = PBXBuildFile; fileRef = E7A4A8251C6C600600E41806 /* MKMercurialFile.m */; };
		E7A4A8291C6C626A00E41806 /* MKFileStatusParser.m in Sources */ = {isa = PBXBuildFile; fileRef = E7A4A8281C6C626A00E41806 /* MKFileStatusParser.m */; };
		E7A4A8371C6C648900E41806 /* MKFileStateParserTest.m in Sources */ = {isa = PBXBuildFile; fileRef = E7A4A8361C6C648900E41806 /* MKFileStateParserTest.m */; };
		E7A4A8381C6C65F800E41806 /* MKFileStatusParser.m in Sources */ = {isa = PBXBuildFile; fileRef = E7A4A8281C6C626A00E41806 /* MKFileStatusParser.m */; };
		E7A4A8391C6C6AE400E41806 /* MKMercurialFile.m in Sources */ = {isa = PBXBuildFile; fileRef = E7A4A8251C6C600600E41806 /* MKMercurialFile.m */; };
		E7A4A83D1C6DA31A00E41806 /* MKFilesStatusService.m in Sources */ = {isa = PBXBuildFile; fileRef = E7A4A83C1C6DA31A00E41806 /* MKFilesStatusService.m */; };
		E7A4A8411C6DA5B100E41806 /* MKContext.m in Sources */ = {isa = PBXBuildFile; fileRef = E7A4A8401C6DA5B100E41806 /* MKContext.m */; };
		E7A4E1E81C8AC2BC006B9F50 /* MKModifiedFilesMenuItemsDataSource.m in Sources */ = {isa = PBXBuildFile; fileRef = E7A4E1E71C8AC2BC006B9F50 /* MKModifiedFilesMenuItemsDataSource.m */; };
		E7A9A8A51C86BC7900FFAC16 /* MKModifiedFilesStatusTableWindowController.m in Sources */ = {isa = PBXBuildFile; fileRef = E7C9AA1C1C7D1A4800010B46 /* MKModifiedFilesStatusTableWindowController.m */; };
		E7A9A8A61C86D7CA00FFAC16 /* MKXCodeNavigator.m in Sources */ = {isa = PBXBuildFile; fileRef = E73DACE81C8413FD007F2046 /* MKXCodeNavigator.m */; };
		E7A9A8A81C86D87C00FFAC16 /* MKMercurialFileTests.m in Sources */ = {isa = PBXBuildFile; fileRef = E7A9A8A71C86D87C00FFAC16 /* MKMercurialFileTests.m */; };
		E7C9AA1E1C7D1A4800010B46 /* MKModifiedFilesStatusTableWindowController.m in Sources */ = {isa = PBXBuildFile; fileRef = E7C9AA1C1C7D1A4800010B46 /* MKModifiedFilesStatusTableWindowController.m */; };
		E7C9AA1F1C7D1A4800010B46 /* MKModifiedFilesStatusTableWindowController.xib in Resources */ = {isa = PBXBuildFile; fileRef = E7C9AA1D1C7D1A4800010B46 /* MKModifiedFilesStatusTableWindowController.xib */; };
		E7E232DA1C9A558900C635A7 /* MKModifiedFilesStatusMenu.m in Sources */ = {isa = PBXBuildFile; fileRef = E7E232D91C9A558900C635A7 /* MKModifiedFilesStatusMenu.m */; };
/* End PBXBuildFile section */

/* Begin PBXFileReference section */
		E7060A211CA741020069D4ED /* MKModifiedFilesStatusTableDataSource.h */ = {isa = PBXFileReference; fileEncoding = 4; lastKnownFileType = sourcecode.c.h; path = MKModifiedFilesStatusTableDataSource.h; sourceTree = "<group>"; };
		E7060A221CA741020069D4ED /* MKModifiedFilesStatusTableDataSource.m */ = {isa = PBXFileReference; fileEncoding = 4; lastKnownFileType = sourcecode.c.objc; path = MKModifiedFilesStatusTableDataSource.m; sourceTree = "<group>"; };
		E7060A251CA74F140069D4ED /* MKModifiedFilesStatusActionCellView.h */ = {isa = PBXFileReference; fileEncoding = 4; lastKnownFileType = sourcecode.c.h; path = MKModifiedFilesStatusActionCellView.h; sourceTree = "<group>"; };
		E7060A261CA74F140069D4ED /* MKModifiedFilesStatusActionCellView.m */ = {isa = PBXFileReference; fileEncoding = 4; lastKnownFileType = sourcecode.c.objc; path = MKModifiedFilesStatusActionCellView.m; sourceTree = "<group>"; };
		E724CD991C9C92C9000F767D /* MKWindowPresenter.h */ = {isa = PBXFileReference; fileEncoding = 4; lastKnownFileType = sourcecode.c.h; path = MKWindowPresenter.h; sourceTree = "<group>"; };
		E724CD9A1C9C92C9000F767D /* MKWindowPresenter.m */ = {isa = PBXFileReference; fileEncoding = 4; lastKnownFileType = sourcecode.c.objc; path = MKWindowPresenter.m; sourceTree = "<group>"; };
		E73DACE11C82DBA6007F2046 /* MKNotificationConstants.h */ = {isa = PBXFileReference; lastKnownFileType = sourcecode.c.h; path = MKNotificationConstants.h; sourceTree = "<group>"; };
		E73DACE71C8413FD007F2046 /* MKXCodeNavigator.h */ = {isa = PBXFileReference; fileEncoding = 4; lastKnownFileType = sourcecode.c.h; path = MKXCodeNavigator.h; sourceTree = "<group>"; };
		E73DACE81C8413FD007F2046 /* MKXCodeNavigator.m */ = {isa = PBXFileReference; fileEncoding = 4; lastKnownFileType = sourcecode.c.objc; path = MKXCodeNavigator.m; sourceTree = "<group>"; };
		E7577A381C73F6A600B2A407 /* OCMock.framework */ = {isa = PBXFileReference; lastKnownFileType = wrapper.framework; path = OCMock.framework; sourceTree = "<group>"; };
		E78432F61C76967300304047 /* MKMercurialCommand.h */ = {isa = PBXFileReference; fileEncoding = 4; lastKnownFileType = sourcecode.c.h; path = MKMercurialCommand.h; sourceTree = "<group>"; };
		E78432F71C76967300304047 /* MKMercurialCommand.m */ = {isa = PBXFileReference; fileEncoding = 4; lastKnownFileType = sourcecode.c.objc; path = MKMercurialCommand.m; sourceTree = "<group>"; };
		E78433061C77F47D00304047 /* MKDiffSnippet.h */ = {isa = PBXFileReference; fileEncoding = 4; lastKnownFileType = sourcecode.c.h; path = MKDiffSnippet.h; sourceTree = "<group>"; };
		E78433071C77F47D00304047 /* MKDiffSnippet.m */ = {isa = PBXFileReference; fileEncoding = 4; lastKnownFileType = sourcecode.c.objc; path = MKDiffSnippet.m; sourceTree = "<group>"; };
		E784331F1C7AD7DA00304047 /* MKMercurialMenuItemsController.h */ = {isa = PBXFileReference; fileEncoding = 4; lastKnownFileType = sourcecode.c.h; path = MKMercurialMenuItemsController.h; sourceTree = "<group>"; };
		E78433201C7AD7DA00304047 /* MKMercurialMenuItemsController.m */ = {isa = PBXFileReference; fileEncoding = 4; lastKnownFileType = sourcecode.c.objc; path = MKMercurialMenuItemsController.m; sourceTree = "<group>"; };
		E7A239C21C71808D00BDB947 /* MKConsoleOutputParser.h */ = {isa = PBXFileReference; fileEncoding = 4; lastKnownFileType = sourcecode.c.h; path = MKConsoleOutputParser.h; sourceTree = "<group>"; };
		E7A239C31C73954F00BDB947 /* MKModifiedFilesServiceTests.m */ = {isa = PBXFileReference; fileEncoding = 4; lastKnownFileType = sourcecode.c.objc; path = MKModifiedFilesServiceTests.m; sourceTree = "<group>"; };
		E7A4A8071C6BF39100E41806 /* MercurialPlugin.xcplugin */ = {isa = PBXFileReference; explicitFileType = wrapper.cfbundle; includeInIndex = 0; path = MercurialPlugin.xcplugin; sourceTree = BUILT_PRODUCTS_DIR; };
		E7A4A80A1C6BF39100E41806 /* AppKit.framework */ = {isa = PBXFileReference; lastKnownFileType = wrapper.framework; name = AppKit.framework; path = /System/Library/Frameworks/AppKit.framework; sourceTree = "<absolute>"; };
		E7A4A80C1C6BF39100E41806 /* Foundation.framework */ = {isa = PBXFileReference; lastKnownFileType = wrapper.framework; name = Foundation.framework; path = /System/Library/Frameworks/Foundation.framework; sourceTree = "<absolute>"; };
		E7A4A8101C6BF39100E41806 /* MercurialPlugin.xcscheme */ = {isa = PBXFileReference; lastKnownFileType = text.xml; name = MercurialPlugin.xcscheme; path = MercurialPlugin.xcodeproj/xcshareddata/xcschemes/MercurialPlugin.xcscheme; sourceTree = SOURCE_ROOT; };
		E7A4A8121C6BF39100E41806 /* MercurialPlugin.h */ = {isa = PBXFileReference; lastKnownFileType = sourcecode.c.h; path = MercurialPlugin.h; sourceTree = "<group>"; };
		E7A4A8131C6BF39100E41806 /* MercurialPlugin.m */ = {isa = PBXFileReference; lastKnownFileType = sourcecode.c.objc; path = MercurialPlugin.m; sourceTree = "<group>"; };
		E7A4A8151C6BF39100E41806 /* NSObject_Extension.h */ = {isa = PBXFileReference; lastKnownFileType = sourcecode.c.h; path = NSObject_Extension.h; sourceTree = "<group>"; };
		E7A4A8161C6BF39100E41806 /* NSObject_Extension.m */ = {isa = PBXFileReference; lastKnownFileType = sourcecode.c.objc; path = NSObject_Extension.m; sourceTree = "<group>"; };
		E7A4A8181C6BF39100E41806 /* Info.plist */ = {isa = PBXFileReference; lastKnownFileType = text.plist.xml; path = Info.plist; sourceTree = "<group>"; };
		E7A4A81E1C6C100100E41806 /* MKShellCommand.h */ = {isa = PBXFileReference; fileEncoding = 4; lastKnownFileType = sourcecode.c.h; path = MKShellCommand.h; sourceTree = "<group>"; };
		E7A4A81F1C6C100100E41806 /* MKShellCommand.m */ = {isa = PBXFileReference; fileEncoding = 4; lastKnownFileType = sourcecode.c.objc; path = MKShellCommand.m; sourceTree = "<group>"; };
		E7A4A8241C6C600600E41806 /* MKMercurialFile.h */ = {isa = PBXFileReference; fileEncoding = 4; lastKnownFileType = sourcecode.c.h; path = MKMercurialFile.h; sourceTree = "<group>"; };
		E7A4A8251C6C600600E41806 /* MKMercurialFile.m */ = {isa = PBXFileReference; fileEncoding = 4; lastKnownFileType = sourcecode.c.objc; path = MKMercurialFile.m; sourceTree = "<group>"; };
		E7A4A8271C6C626A00E41806 /* MKFileStatusParser.h */ = {isa = PBXFileReference; fileEncoding = 4; lastKnownFileType = sourcecode.c.h; path = MKFileStatusParser.h; sourceTree = "<group>"; };
		E7A4A8281C6C626A00E41806 /* MKFileStatusParser.m */ = {isa = PBXFileReference; fileEncoding = 4; lastKnownFileType = sourcecode.c.objc; path = MKFileStatusParser.m; sourceTree = "<group>"; };
		E7A4A82E1C6C646900E41806 /* MercurialPluginTests.xctest */ = {isa = PBXFileReference; explicitFileType = wrapper.cfbundle; includeInIndex = 0; path = MercurialPluginTests.xctest; sourceTree = BUILT_PRODUCTS_DIR; };
		E7A4A8321C6C646900E41806 /* Info.plist */ = {isa = PBXFileReference; lastKnownFileType = text.plist.xml; path = Info.plist; sourceTree = "<group>"; };
		E7A4A8361C6C648900E41806 /* MKFileStateParserTest.m */ = {isa = PBXFileReference; fileEncoding = 4; lastKnownFileType = sourcecode.c.objc; path = MKFileStateParserTest.m; sourceTree = "<group>"; };
		E7A4A83B1C6DA31A00E41806 /* MKFilesStatusService.h */ = {isa = PBXFileReference; fileEncoding = 4; lastKnownFileType = sourcecode.c.h; path = MKFilesStatusService.h; sourceTree = "<group>"; };
		E7A4A83C1C6DA31A00E41806 /* MKFilesStatusService.m */ = {isa = PBXFileReference; fileEncoding = 4; lastKnownFileType = sourcecode.c.objc; path = MKFilesStatusService.m; sourceTree = "<group>"; };
		E7A4A83F1C6DA5B100E41806 /* MKContext.h */ = {isa = PBXFileReference; fileEncoding = 4; lastKnownFileType = sourcecode.c.h; path = MKContext.h; sourceTree = "<group>"; };
		E7A4A8401C6DA5B100E41806 /* MKContext.m */ = {isa = PBXFileReference; fileEncoding = 4; lastKnownFileType = sourcecode.c.objc; path = MKContext.m; sourceTree = "<group>"; };
		E7A4E1E61C8AC2BC006B9F50 /* MKModifiedFilesMenuItemsDataSource.h */ = {isa = PBXFileReference; fileEncoding = 4; lastKnownFileType = sourcecode.c.h; path = MKModifiedFilesMenuItemsDataSource.h; sourceTree = "<group>"; };
		E7A4E1E71C8AC2BC006B9F50 /* MKModifiedFilesMenuItemsDataSource.m */ = {isa = PBXFileReference; fileEncoding = 4; lastKnownFileType = sourcecode.c.objc; path = MKModifiedFilesMenuItemsDataSource.m; sourceTree = "<group>"; };
		E7A9A8A71C86D87C00FFAC16 /* MKMercurialFileTests.m */ = {isa = PBXFileReference; fileEncoding = 4; lastKnownFileType = sourcecode.c.objc; path = MKMercurialFileTests.m; sourceTree = "<group>"; };
		E7A9A8A91C875C1600FFAC16 /* MKConstants.h */ = {isa = PBXFileReference; lastKnownFileType = sourcecode.c.h; path = MKConstants.h; sourceTree = "<group>"; };
		E7C9AA1B1C7D1A4800010B46 /* MKModifiedFilesStatusTableWindowController.h */ = {isa = PBXFileReference; fileEncoding = 4; lastKnownFileType = sourcecode.c.h; path = MKModifiedFilesStatusTableWindowController.h; sourceTree = "<group>"; };
		E7C9AA1C1C7D1A4800010B46 /* MKModifiedFilesStatusTableWindowController.m */ = {isa = PBXFileReference; fileEncoding = 4; lastKnownFileType = sourcecode.c.objc; path = MKModifiedFilesStatusTableWindowController.m; sourceTree = "<group>"; };
		E7C9AA1D1C7D1A4800010B46 /* MKModifiedFilesStatusTableWindowController.xib */ = {isa = PBXFileReference; fileEncoding = 4; lastKnownFileType = file.xib; path = MKModifiedFilesStatusTableWindowController.xib; sourceTree = "<group>"; };
		E7E232D81C9A558900C635A7 /* MKModifiedFilesStatusMenu.h */ = {isa = PBXFileReference; fileEncoding = 4; lastKnownFileType = sourcecode.c.h; path = MKModifiedFilesStatusMenu.h; sourceTree = "<group>"; };
		E7E232D91C9A558900C635A7 /* MKModifiedFilesStatusMenu.m */ = {isa = PBXFileReference; fileEncoding = 4; lastKnownFileType = sourcecode.c.objc; path = MKModifiedFilesStatusMenu.m; sourceTree = "<group>"; };
/* End PBXFileReference section */

/* Begin PBXFrameworksBuildPhase section */
		E7A4A8051C6BF39100E41806 /* Frameworks */ = {
			isa = PBXFrameworksBuildPhase;
			buildActionMask = 2147483647;
			files = (
				E7A4A80B1C6BF39100E41806 /* AppKit.framework in Frameworks */,
				E7A4A80D1C6BF39100E41806 /* Foundation.framework in Frameworks */,
			);
			runOnlyForDeploymentPostprocessing = 0;
		};
		E7A4A82B1C6C646900E41806 /* Frameworks */ = {
			isa = PBXFrameworksBuildPhase;
			buildActionMask = 2147483647;
			files = (
				E7577A391C73F6A600B2A407 /* OCMock.framework in Frameworks */,
			);
			runOnlyForDeploymentPostprocessing = 0;
		};
/* End PBXFrameworksBuildPhase section */

/* Begin PBXGroup section */
		E7060A241CA74EBB0069D4ED /* ActionCell */ = {
			isa = PBXGroup;
			children = (
				E7060A251CA74F140069D4ED /* MKModifiedFilesStatusActionCellView.h */,
				E7060A261CA74F140069D4ED /* MKModifiedFilesStatusActionCellView.m */,
			);
			name = ActionCell;
			sourceTree = "<group>";
		};
		E724CD981C9C92B7000F767D /* WindowPresenter */ = {
			isa = PBXGroup;
			children = (
				E724CD991C9C92C9000F767D /* MKWindowPresenter.h */,
				E724CD9A1C9C92C9000F767D /* MKWindowPresenter.m */,
			);
			name = WindowPresenter;
			sourceTree = "<group>";
		};
		E73DACDF1C82C644007F2046 /* ModifiedFilesStatusTable */ = {
			isa = PBXGroup;
			children = (
				E7060A241CA74EBB0069D4ED /* ActionCell */,
				E7C9AA1B1C7D1A4800010B46 /* MKModifiedFilesStatusTableWindowController.h */,
				E7C9AA1C1C7D1A4800010B46 /* MKModifiedFilesStatusTableWindowController.m */,
				E7C9AA1D1C7D1A4800010B46 /* MKModifiedFilesStatusTableWindowController.xib */,
				E7060A211CA741020069D4ED /* MKModifiedFilesStatusTableDataSource.h */,
				E7060A221CA741020069D4ED /* MKModifiedFilesStatusTableDataSource.m */,
			);
			name = ModifiedFilesStatusTable;
			sourceTree = "<group>";
		};
		E73DACE01C82DB87007F2046 /* Common */ = {
			isa = PBXGroup;
			children = (
				E73DACE11C82DBA6007F2046 /* MKNotificationConstants.h */,
				E7A9A8A91C875C1600FFAC16 /* MKConstants.h */,
			);
			name = Common;
			sourceTree = "<group>";
		};
		E73DACE21C8390CE007F2046 /* MenuItemsController */ = {
			isa = PBXGroup;
			children = (
				E784331F1C7AD7DA00304047 /* MKMercurialMenuItemsController.h */,
				E78433201C7AD7DA00304047 /* MKMercurialMenuItemsController.m */,
			);
			name = MenuItemsController;
			sourceTree = "<group>";
		};
		E73DACE61C8413D8007F2046 /* XCodeAPI */ = {
			isa = PBXGroup;
			children = (
				E73DACE71C8413FD007F2046 /* MKXCodeNavigator.h */,
				E73DACE81C8413FD007F2046 /* MKXCodeNavigator.m */,
			);
			name = XCodeAPI;
			sourceTree = "<group>";
		};
		E78432F51C76964C00304047 /* ShellCommand */ = {
			isa = PBXGroup;
			children = (
				E7A4A81E1C6C100100E41806 /* MKShellCommand.h */,
				E7A4A81F1C6C100100E41806 /* MKShellCommand.m */,
				E78432F61C76967300304047 /* MKMercurialCommand.h */,
				E78432F71C76967300304047 /* MKMercurialCommand.m */,
				E78433061C77F47D00304047 /* MKDiffSnippet.h */,
				E78433071C77F47D00304047 /* MKDiffSnippet.m */,
			);
			name = ShellCommand;
			sourceTree = "<group>";
		};
		E784331E1C7AD7B000304047 /* ModifiedFilesStatus */ = {
			isa = PBXGroup;
			children = (
				E7E232D81C9A558900C635A7 /* MKModifiedFilesStatusMenu.h */,
				E7E232D91C9A558900C635A7 /* MKModifiedFilesStatusMenu.m */,
				E7A4E1E51C8AC267006B9F50 /* DataSource */,
			);
			name = ModifiedFilesStatus;
			sourceTree = "<group>";
		};
		E78433271C7CEB2900304047 /* UI */ = {
			isa = PBXGroup;
			children = (
				E724CD981C9C92B7000F767D /* WindowPresenter */,
				E7A4E1E91C8AC4E3006B9F50 /* Views */,
				E78433291C7CEB3900304047 /* WindowControllers */,
			);
			name = UI;
			sourceTree = "<group>";
		};
		E78433291C7CEB3900304047 /* WindowControllers */ = {
			isa = PBXGroup;
			children = (
				E73DACDF1C82C644007F2046 /* ModifiedFilesStatusTable */,
			);
			name = WindowControllers;
			sourceTree = "<group>";
		};
		E79686141C80C323009B1139 /* Resources */ = {
			isa = PBXGroup;
			children = (
				E79686151C80C32B009B1139 /* images */,
			);
			name = Resources;
			sourceTree = "<group>";
		};
		E79686151C80C32B009B1139 /* images */ = {
			isa = PBXGroup;
			children = (
			);
			name = images;
			sourceTree = "<group>";
		};
		E7A239C81C73968F00BDB947 /* Frameworks */ = {
			isa = PBXGroup;
			children = (
			);
			name = Frameworks;
			sourceTree = "<group>";
		};
		E7A4A7FE1C6BF39100E41806 = {
			isa = PBXGroup;
			children = (
				E7A239C81C73968F00BDB947 /* Frameworks */,
				E7A4A80E1C6BF39100E41806 /* MercurialPlugin */,
				E7A4A82F1C6C646900E41806 /* MercurialPluginTests */,
				E7A4A8091C6BF39100E41806 /* Frameworks */,
				E7A4A8081C6BF39100E41806 /* Products */,
			);
			sourceTree = "<group>";
		};
		E7A4A8081C6BF39100E41806 /* Products */ = {
			isa = PBXGroup;
			children = (
				E7A4A8071C6BF39100E41806 /* MercurialPlugin.xcplugin */,
				E7A4A82E1C6C646900E41806 /* MercurialPluginTests.xctest */,
			);
			name = Products;
			sourceTree = "<group>";
		};
		E7A4A8091C6BF39100E41806 /* Frameworks */ = {
			isa = PBXGroup;
			children = (
				E7577A381C73F6A600B2A407 /* OCMock.framework */,
				E7A4A80A1C6BF39100E41806 /* AppKit.framework */,
				E7A4A80C1C6BF39100E41806 /* Foundation.framework */,
			);
			name = Frameworks;
			sourceTree = "<group>";
		};
		E7A4A80E1C6BF39100E41806 /* MercurialPlugin */ = {
			isa = PBXGroup;
			children = (
				E73DACE01C82DB87007F2046 /* Common */,
				E7A4A83E1C6DA59100E41806 /* Context */,
				E7A4A8231C6C5FD900E41806 /* MercurialFile */,
				E784331E1C7AD7B000304047 /* ModifiedFilesStatus */,
				E73DACE21C8390CE007F2046 /* MenuItemsController */,
				E7A4A8211C6C5E6100E41806 /* Parsers */,
				E79686141C80C323009B1139 /* Resources */,
				E7A4A83A1C6DA2F600E41806 /* Services */,
				E78432F51C76964C00304047 /* ShellCommand */,
				E78433271C7CEB2900304047 /* UI */,
				E73DACE61C8413D8007F2046 /* XCodeAPI */,
				E7A4A8121C6BF39100E41806 /* MercurialPlugin.h */,
				E7A4A8131C6BF39100E41806 /* MercurialPlugin.m */,
				E7A4A8151C6BF39100E41806 /* NSObject_Extension.h */,
				E7A4A8161C6BF39100E41806 /* NSObject_Extension.m */,
				E7A4A8181C6BF39100E41806 /* Info.plist */,
				E7A4A80F1C6BF39100E41806 /* Supporting Files */,
			);
			path = MercurialPlugin;
			sourceTree = "<group>";
		};
		E7A4A80F1C6BF39100E41806 /* Supporting Files */ = {
			isa = PBXGroup;
			children = (
				E7A4A8101C6BF39100E41806 /* MercurialPlugin.xcscheme */,
			);
			name = "Supporting Files";
			sourceTree = "<group>";
		};
		E7A4A8211C6C5E6100E41806 /* Parsers */ = {
			isa = PBXGroup;
			children = (
				E7A4A8271C6C626A00E41806 /* MKFileStatusParser.h */,
				E7A4A8281C6C626A00E41806 /* MKFileStatusParser.m */,
				E7A239C21C71808D00BDB947 /* MKConsoleOutputParser.h */,
			);
			name = Parsers;
			sourceTree = "<group>";
		};
		E7A4A8231C6C5FD900E41806 /* MercurialFile */ = {
			isa = PBXGroup;
			children = (
				E7A4A8241C6C600600E41806 /* MKMercurialFile.h */,
				E7A4A8251C6C600600E41806 /* MKMercurialFile.m */,
			);
			name = MercurialFile;
			sourceTree = "<group>";
		};
		E7A4A82F1C6C646900E41806 /* MercurialPluginTests */ = {
			isa = PBXGroup;
			children = (
				E7A4A8321C6C646900E41806 /* Info.plist */,
				E7A4A8361C6C648900E41806 /* MKFileStateParserTest.m */,
				E7A239C31C73954F00BDB947 /* MKModifiedFilesServiceTests.m */,
				E7A9A8A71C86D87C00FFAC16 /* MKMercurialFileTests.m */,
			);
			path = MercurialPluginTests;
			sourceTree = "<group>";
		};
		E7A4A83A1C6DA2F600E41806 /* Services */ = {
			isa = PBXGroup;
			children = (
				E7A4A83B1C6DA31A00E41806 /* MKFilesStatusService.h */,
				E7A4A83C1C6DA31A00E41806 /* MKFilesStatusService.m */,
			);
			name = Services;
			sourceTree = "<group>";
		};
		E7A4A83E1C6DA59100E41806 /* Context */ = {
			isa = PBXGroup;
			children = (
				E7A4A83F1C6DA5B100E41806 /* MKContext.h */,
				E7A4A8401C6DA5B100E41806 /* MKContext.m */,
			);
			name = Context;
			sourceTree = "<group>";
		};
		E7A4E1E51C8AC267006B9F50 /* DataSource */ = {
			isa = PBXGroup;
			children = (
				E7A4E1E61C8AC2BC006B9F50 /* MKModifiedFilesMenuItemsDataSource.h */,
				E7A4E1E71C8AC2BC006B9F50 /* MKModifiedFilesMenuItemsDataSource.m */,
			);
			name = DataSource;
			sourceTree = "<group>";
		};
		E7A4E1E91C8AC4E3006B9F50 /* Views */ = {
			isa = PBXGroup;
			children = (
			);
			name = Views;
			sourceTree = "<group>";
		};
/* End PBXGroup section */

/* Begin PBXNativeTarget section */
		E7A4A8061C6BF39100E41806 /* MercurialPlugin */ = {
			isa = PBXNativeTarget;
			buildConfigurationList = E7A4A81B1C6BF39100E41806 /* Build configuration list for PBXNativeTarget "MercurialPlugin" */;
			buildPhases = (
				E7A4A8031C6BF39100E41806 /* Sources */,
				E7A4A8041C6BF39100E41806 /* Resources */,
				E7A4A8051C6BF39100E41806 /* Frameworks */,
			);
			buildRules = (
			);
			dependencies = (
			);
			name = MercurialPlugin;
			productName = MercurialPlugin;
			productReference = E7A4A8071C6BF39100E41806 /* MercurialPlugin.xcplugin */;
			productType = "com.apple.product-type.bundle";
		};
		E7A4A82D1C6C646900E41806 /* MercurialPluginTests */ = {
			isa = PBXNativeTarget;
			buildConfigurationList = E7A4A8331C6C646900E41806 /* Build configuration list for PBXNativeTarget "MercurialPluginTests" */;
			buildPhases = (
				E7A4A82A1C6C646900E41806 /* Sources */,
				E7A4A82B1C6C646900E41806 /* Frameworks */,
				E7A4A82C1C6C646900E41806 /* Resources */,
			);
			buildRules = (
			);
			dependencies = (
			);
			name = MercurialPluginTests;
			productName = MercurialPluginTests;
			productReference = E7A4A82E1C6C646900E41806 /* MercurialPluginTests.xctest */;
			productType = "com.apple.product-type.bundle.unit-test";
		};
/* End PBXNativeTarget section */

/* Begin PBXProject section */
		E7A4A7FF1C6BF39100E41806 /* Project object */ = {
			isa = PBXProject;
			attributes = {
				LastUpgradeCheck = 0720;
				ORGANIZATIONNAME = "Mohtashim Khan";
				TargetAttributes = {
					E7A4A8061C6BF39100E41806 = {
						CreatedOnToolsVersion = 7.2;
					};
					E7A4A82D1C6C646900E41806 = {
						CreatedOnToolsVersion = 7.2;
					};
				};
			};
			buildConfigurationList = E7A4A8021C6BF39100E41806 /* Build configuration list for PBXProject "MercurialPlugin" */;
			compatibilityVersion = "Xcode 3.2";
			developmentRegion = English;
			hasScannedForEncodings = 0;
			knownRegions = (
				en,
			);
			mainGroup = E7A4A7FE1C6BF39100E41806;
			productRefGroup = E7A4A8081C6BF39100E41806 /* Products */;
			projectDirPath = "";
			projectRoot = "";
			targets = (
				E7A4A8061C6BF39100E41806 /* MercurialPlugin */,
				E7A4A82D1C6C646900E41806 /* MercurialPluginTests */,
			);
		};
/* End PBXProject section */

/* Begin PBXResourcesBuildPhase section */
		E7A4A8041C6BF39100E41806 /* Resources */ = {
			isa = PBXResourcesBuildPhase;
			buildActionMask = 2147483647;
			files = (
				E7A4A8111C6BF39100E41806 /* MercurialPlugin.xcscheme in Resources */,
				E7C9AA1F1C7D1A4800010B46 /* MKModifiedFilesStatusTableWindowController.xib in Resources */,
			);
			runOnlyForDeploymentPostprocessing = 0;
		};
		E7A4A82C1C6C646900E41806 /* Resources */ = {
			isa = PBXResourcesBuildPhase;
			buildActionMask = 2147483647;
			files = (
			);
			runOnlyForDeploymentPostprocessing = 0;
		};
/* End PBXResourcesBuildPhase section */

/* Begin PBXSourcesBuildPhase section */
		E7A4A8031C6BF39100E41806 /* Sources */ = {
			isa = PBXSourcesBuildPhase;
			buildActionMask = 2147483647;
			files = (
				E7A4A8261C6C600600E41806 /* MKMercurialFile.m in Sources */,
				E7060A271CA74F140069D4ED /* MKModifiedFilesStatusActionCellView.m in Sources */,
				E7C9AA1E1C7D1A4800010B46 /* MKModifiedFilesStatusTableWindowController.m in Sources */,
				E78433081C77F47E00304047 /* MKDiffSnippet.m in Sources */,
				E73DACE91C8413FD007F2046 /* MKXCodeNavigator.m in Sources */,
				E7060A231CA741020069D4ED /* MKModifiedFilesStatusTableDataSource.m in Sources */,
				E78433211C7AD7DA00304047 /* MKMercurialMenuItemsController.m in Sources */,
				E7A4A8201C6C100100E41806 /* MKShellCommand.m in Sources */,
				E724CD9B1C9C92C9000F767D /* MKWindowPresenter.m in Sources */,
				E7A4E1E81C8AC2BC006B9F50 /* MKModifiedFilesMenuItemsDataSource.m in Sources */,
				E7E232DA1C9A558900C635A7 /* MKModifiedFilesStatusMenu.m in Sources */,
				E78432F81C76967300304047 /* MKMercurialCommand.m in Sources */,
				E7A4A8411C6DA5B100E41806 /* MKContext.m in Sources */,
				E7A4A83D1C6DA31A00E41806 /* MKFilesStatusService.m in Sources */,
				E7A4A8141C6BF39100E41806 /* MercurialPlugin.m in Sources */,
				E7A4A8171C6BF39100E41806 /* NSObject_Extension.m in Sources */,
				E7A4A8291C6C626A00E41806 /* MKFileStatusParser.m in Sources */,
			);
			runOnlyForDeploymentPostprocessing = 0;
		};
		E7A4A82A1C6C646900E41806 /* Sources */ = {
			isa = PBXSourcesBuildPhase;
			buildActionMask = 2147483647;
			files = (
				E7A239C41C73954F00BDB947 /* MKModifiedFilesServiceTests.m in Sources */,
				E78433091C77F47F00304047 /* MKDiffSnippet.m in Sources */,
				E78433221C7AD7DB00304047 /* MKMercurialMenuItemsController.m in Sources */,
				E7A4A8391C6C6AE400E41806 /* MKMercurialFile.m in Sources */,
				E7A9A8A61C86D7CA00FFAC16 /* MKXCodeNavigator.m in Sources */,
				E7A9A8A51C86BC7900FFAC16 /* MKModifiedFilesStatusTableWindowController.m in Sources */,
				E78432F91C76967400304047 /* MKMercurialCommand.m in Sources */,
				E7A9A8A81C86D87C00FFAC16 /* MKMercurialFileTests.m in Sources */,
				E7A239C71C7395F900BDB947 /* MKShellCommand.m in Sources */,
				E7A4A8371C6C648900E41806 /* MKFileStateParserTest.m in Sources */,
				E7A4A8381C6C65F800E41806 /* MKFileStatusParser.m in Sources */,
				E7A239C51C7395DB00BDB947 /* MKFilesStatusService.m in Sources */,
				E7A239C61C7395E800BDB947 /* MKContext.m in Sources */,
			);
			runOnlyForDeploymentPostprocessing = 0;
		};
/* End PBXSourcesBuildPhase section */

/* Begin XCBuildConfiguration section */
		E7A4A8191C6BF39100E41806 /* Debug */ = {
			isa = XCBuildConfiguration;
			buildSettings = {
				ALWAYS_SEARCH_USER_PATHS = NO;
				CLANG_CXX_LANGUAGE_STANDARD = "gnu++0x";
				CLANG_CXX_LIBRARY = "libc++";
				CLANG_ENABLE_MODULES = YES;
				CLANG_ENABLE_OBJC_ARC = YES;
				CLANG_WARN_BOOL_CONVERSION = YES;
				CLANG_WARN_CONSTANT_CONVERSION = YES;
				CLANG_WARN_DIRECT_OBJC_ISA_USAGE = YES_ERROR;
				CLANG_WARN_EMPTY_BODY = YES;
				CLANG_WARN_ENUM_CONVERSION = YES;
				CLANG_WARN_INT_CONVERSION = YES;
				CLANG_WARN_OBJC_ROOT_CLASS = YES_ERROR;
				CLANG_WARN_UNREACHABLE_CODE = YES;
				CLANG_WARN__DUPLICATE_METHOD_MATCH = YES;
				COPY_PHASE_STRIP = NO;
				DEBUG_INFORMATION_FORMAT = dwarf;
				ENABLE_STRICT_OBJC_MSGSEND = YES;
				ENABLE_TESTABILITY = YES;
				GCC_C_LANGUAGE_STANDARD = gnu99;
				GCC_DYNAMIC_NO_PIC = NO;
				GCC_NO_COMMON_BLOCKS = YES;
				GCC_OPTIMIZATION_LEVEL = 0;
				GCC_PREPROCESSOR_DEFINITIONS = (
					"DEBUG=1",
					"$(inherited)",
				);
				GCC_WARN_64_TO_32_BIT_CONVERSION = YES;
				GCC_WARN_ABOUT_RETURN_TYPE = YES_ERROR;
				GCC_WARN_UNDECLARED_SELECTOR = YES;
				GCC_WARN_UNINITIALIZED_AUTOS = YES_AGGRESSIVE;
				GCC_WARN_UNUSED_FUNCTION = YES;
				GCC_WARN_UNUSED_VARIABLE = YES;
				MTL_ENABLE_DEBUG_INFO = YES;
				ONLY_ACTIVE_ARCH = YES;
			};
			name = Debug;
		};
		E7A4A81A1C6BF39100E41806 /* Release */ = {
			isa = XCBuildConfiguration;
			buildSettings = {
				ALWAYS_SEARCH_USER_PATHS = NO;
				CLANG_CXX_LANGUAGE_STANDARD = "gnu++0x";
				CLANG_CXX_LIBRARY = "libc++";
				CLANG_ENABLE_MODULES = YES;
				CLANG_ENABLE_OBJC_ARC = YES;
				CLANG_WARN_BOOL_CONVERSION = YES;
				CLANG_WARN_CONSTANT_CONVERSION = YES;
				CLANG_WARN_DIRECT_OBJC_ISA_USAGE = YES_ERROR;
				CLANG_WARN_EMPTY_BODY = YES;
				CLANG_WARN_ENUM_CONVERSION = YES;
				CLANG_WARN_INT_CONVERSION = YES;
				CLANG_WARN_OBJC_ROOT_CLASS = YES_ERROR;
				CLANG_WARN_UNREACHABLE_CODE = YES;
				CLANG_WARN__DUPLICATE_METHOD_MATCH = YES;
				COPY_PHASE_STRIP = NO;
				DEBUG_INFORMATION_FORMAT = "dwarf-with-dsym";
				ENABLE_NS_ASSERTIONS = NO;
				ENABLE_STRICT_OBJC_MSGSEND = YES;
				GCC_C_LANGUAGE_STANDARD = gnu99;
				GCC_NO_COMMON_BLOCKS = YES;
				GCC_WARN_64_TO_32_BIT_CONVERSION = YES;
				GCC_WARN_ABOUT_RETURN_TYPE = YES_ERROR;
				GCC_WARN_UNDECLARED_SELECTOR = YES;
				GCC_WARN_UNINITIALIZED_AUTOS = YES_AGGRESSIVE;
				GCC_WARN_UNUSED_FUNCTION = YES;
				GCC_WARN_UNUSED_VARIABLE = YES;
				MTL_ENABLE_DEBUG_INFO = NO;
			};
			name = Release;
		};
		E7A4A81C1C6BF39100E41806 /* Debug */ = {
			isa = XCBuildConfiguration;
			buildSettings = {
				COMBINE_HIDPI_IMAGES = YES;
				DEPLOYMENT_LOCATION = YES;
				DSTROOT = "$(HOME)";
				FRAMEWORK_SEARCH_PATHS = (
					"$(inherited)",
					"$(PROJECT_DIR)",
				);
				INFOPLIST_FILE = MercurialPlugin/Info.plist;
				INSTALL_PATH = "/Library/Application Support/Developer/Shared/Xcode/Plug-ins";
				MACOSX_DEPLOYMENT_TARGET = 10.11;
				PRODUCT_BUNDLE_IDENTIFIER = xyz.MercurialPlugin;
				PRODUCT_NAME = "$(TARGET_NAME)";
				WRAPPER_EXTENSION = xcplugin;
			};
			name = Debug;
		};
		E7A4A81D1C6BF39100E41806 /* Release */ = {
			isa = XCBuildConfiguration;
			buildSettings = {
				COMBINE_HIDPI_IMAGES = YES;
				DEPLOYMENT_LOCATION = YES;
				DSTROOT = "$(HOME)";
				FRAMEWORK_SEARCH_PATHS = (
					"$(inherited)",
					"$(PROJECT_DIR)",
				);
				INFOPLIST_FILE = MercurialPlugin/Info.plist;
				INSTALL_PATH = "/Library/Application Support/Developer/Shared/Xcode/Plug-ins";
				MACOSX_DEPLOYMENT_TARGET = 10.11;
				PRODUCT_BUNDLE_IDENTIFIER = xyz.MercurialPlugin;
				PRODUCT_NAME = "$(TARGET_NAME)";
				WRAPPER_EXTENSION = xcplugin;
			};
			name = Release;
		};
		E7A4A8341C6C646900E41806 /* Debug */ = {
			isa = XCBuildConfiguration;
			buildSettings = {
				CODE_SIGN_IDENTITY = "-";
				COMBINE_HIDPI_IMAGES = YES;
				FRAMEWORK_SEARCH_PATHS = (
					"$(inherited)",
					"$(PROJECT_DIR)",
				);
				HEADER_SEARCH_PATHS = "${PROJECT_DIR}";
				INFOPLIST_FILE = MercurialPluginTests/Info.plist;
				LD_RUNPATH_SEARCH_PATHS = "$(inherited) @executable_path/../Frameworks @loader_path/../Frameworks ${PROJECT_DIR}";
				LIBRARY_SEARCH_PATHS = "${PROJECT_DIR}";
				MACOSX_DEPLOYMENT_TARGET = 10.11;
				PRODUCT_BUNDLE_IDENTIFIER = xyz.MercurialPluginTests;
				PRODUCT_NAME = "$(TARGET_NAME)";
				SDKROOT = macosx;
			};
			name = Debug;
		};
		E7A4A8351C6C646900E41806 /* Release */ = {
			isa = XCBuildConfiguration;
			buildSettings = {
				CODE_SIGN_IDENTITY = "-";
				COMBINE_HIDPI_IMAGES = YES;
				FRAMEWORK_SEARCH_PATHS = (
					"$(inherited)",
					"$(PROJECT_DIR)",
				);
				INFOPLIST_FILE = MercurialPluginTests/Info.plist;
				LD_RUNPATH_SEARCH_PATHS = "$(inherited) @executable_path/../Frameworks @loader_path/../Frameworks ${PROJECT_DIR}";
				LIBRARY_SEARCH_PATHS = "${PROJECT_DIR}";
				MACOSX_DEPLOYMENT_TARGET = 10.11;
				PRODUCT_BUNDLE_IDENTIFIER = xyz.MercurialPluginTests;
				PRODUCT_NAME = "$(TARGET_NAME)";
				SDKROOT = macosx;
			};
			name = Release;
		};
/* End XCBuildConfiguration section */

/* Begin XCConfigurationList section */
		E7A4A8021C6BF39100E41806 /* Build configuration list for PBXProject "MercurialPlugin" */ = {
			isa = XCConfigurationList;
			buildConfigurations = (
				E7A4A8191C6BF39100E41806 /* Debug */,
				E7A4A81A1C6BF39100E41806 /* Release */,
			);
			defaultConfigurationIsVisible = 0;
			defaultConfigurationName = Release;
		};
		E7A4A81B1C6BF39100E41806 /* Build configuration list for PBXNativeTarget "MercurialPlugin" */ = {
			isa = XCConfigurationList;
			buildConfigurations = (
				E7A4A81C1C6BF39100E41806 /* Debug */,
				E7A4A81D1C6BF39100E41806 /* Release */,
			);
			defaultConfigurationIsVisible = 0;
			defaultConfigurationName = Release;
		};
		E7A4A8331C6C646900E41806 /* Build configuration list for PBXNativeTarget "MercurialPluginTests" */ = {
			isa = XCConfigurationList;
			buildConfigurations = (
				E7A4A8341C6C646900E41806 /* Debug */,
				E7A4A8351C6C646900E41806 /* Release */,
			);
			defaultConfigurationIsVisible = 0;
			defaultConfigurationName = Release;
		};
/* End XCConfigurationList section */
	};
	rootObject = E7A4A7FF1C6BF39100E41806 /* Project object */;
}
